
Microsoft Visual Studio Solution File, Format Version 12.00
# Visual Studio Version 17
VisualStudioVersion = 17.9.34728.123
MinimumVisualStudioVersion = 10.0.40219.1
Project("{9A19103F-16F7-4668-BE54-9A1E7A4F7556}") = "KKLauncher.Web.Server", "KKLauncher.Web\Server\KKLauncher.Web.Server.csproj", "{E07B0DA0-97EB-46D9-8C04-508EB1E62D9F}"
EndProject
Project("{9A19103F-16F7-4668-BE54-9A1E7A4F7556}") = "KKLauncher.Web.Client", "KKLauncher.Web\Client\KKLauncher.Web.Client.csproj", "{99E12CA0-5912-4BB7-BC94-5B209BA378F8}"
EndProject
Project("{9A19103F-16F7-4668-BE54-9A1E7A4F7556}") = "KKLauncher.Web.Contracts", "KKLauncher.Web.Contracts\KKLauncher.Web.Contracts.csproj", "{D1B8DDB6-28CF-409A-A92A-825995AD67C9}"
EndProject
Project("{2150E333-8FDC-42A3-9474-1A3956D46DE8}") = "KKLauncher.DB", "KKLauncher.DB", "{3C5CA7E9-1878-49D3-889C-CAC4ED6E8820}"
EndProject
Project("{9A19103F-16F7-4668-BE54-9A1E7A4F7556}") = "KKLauncher.DB", "KKLauncher.DB\KKLauncher.DB.csproj", "{E2B386E8-5AE3-46AE-9083-D5A7BA2FC900}"
EndProject
Global
	GlobalSection(SolutionConfigurationPlatforms) = preSolution
		Debug|Any CPU = Debug|Any CPU
		Release|Any CPU = Release|Any CPU
	EndGlobalSection
	GlobalSection(ProjectConfigurationPlatforms) = postSolution
		{E07B0DA0-97EB-46D9-8C04-508EB1E62D9F}.Debug|Any CPU.ActiveCfg = Debug|Any CPU
		{E07B0DA0-97EB-46D9-8C04-508EB1E62D9F}.Debug|Any CPU.Build.0 = Debug|Any CPU
		{E07B0DA0-97EB-46D9-8C04-508EB1E62D9F}.Release|Any CPU.ActiveCfg = Release|Any CPU
		{E07B0DA0-97EB-46D9-8C04-508EB1E62D9F}.Release|Any CPU.Build.0 = Release|Any CPU
		{99E12CA0-5912-4BB7-BC94-5B209BA378F8}.Debug|Any CPU.ActiveCfg = Debug|Any CPU
		{99E12CA0-5912-4BB7-BC94-5B209BA378F8}.Debug|Any CPU.Build.0 = Debug|Any CPU
		{99E12CA0-5912-4BB7-BC94-5B209BA378F8}.Release|Any CPU.ActiveCfg = Release|Any CPU
		{99E12CA0-5912-4BB7-BC94-5B209BA378F8}.Release|Any CPU.Build.0 = Release|Any CPU
		{D1B8DDB6-28CF-409A-A92A-825995AD67C9}.Debug|Any CPU.ActiveCfg = Debug|Any CPU
		{D1B8DDB6-28CF-409A-A92A-825995AD67C9}.Debug|Any CPU.Build.0 = Debug|Any CPU
		{D1B8DDB6-28CF-409A-A92A-825995AD67C9}.Release|Any CPU.ActiveCfg = Release|Any CPU
		{D1B8DDB6-28CF-409A-A92A-825995AD67C9}.Release|Any CPU.Build.0 = Release|Any CPU
		{E2B386E8-5AE3-46AE-9083-D5A7BA2FC900}.Debug|Any CPU.ActiveCfg = Debug|Any CPU
		{E2B386E8-5AE3-46AE-9083-D5A7BA2FC900}.Debug|Any CPU.Build.0 = Debug|Any CPU
		{E2B386E8-5AE3-46AE-9083-D5A7BA2FC900}.Release|Any CPU.ActiveCfg = Release|Any CPU
		{E2B386E8-5AE3-46AE-9083-D5A7BA2FC900}.Release|Any CPU.Build.0 = Release|Any CPU
	EndGlobalSection
	GlobalSection(SolutionProperties) = preSolution
		HideSolutionNode = FALSE
	EndGlobalSection
	GlobalSection(NestedProjects) = preSolution
		{E2B386E8-5AE3-46AE-9083-D5A7BA2FC900} = {3C5CA7E9-1878-49D3-889C-CAC4ED6E8820}
	EndGlobalSection
	GlobalSection(ExtensibilityGlobals) = postSolution
		SolutionGuid = {C13A4DA7-93CE-465A-97BD-21C8086CE536}
	EndGlobalSection
EndGlobal
