
Microsoft Visual Studio Solution File, Format Version 12.00
# Visual Studio Version 17
VisualStudioVersion = 17.9.34728.123
MinimumVisualStudioVersion = 10.0.40219.1
Project("{FAE04EC0-301F-11D3-BF4B-00C04F79EFBC}") = "KKLauncher.DB", "KKLauncher.DB.csproj", "{16CF21DB-4234-4301-BCEA-F1B6439329DD}"
EndProject
Global
	GlobalSection(SolutionConfigurationPlatforms) = preSolution
		Debug|Any CPU = Debug|Any CPU
		Release|Any CPU = Release|Any CPU
	EndGlobalSection
	GlobalSection(ProjectConfigurationPlatforms) = postSolution
		{16CF21DB-4234-4301-BCEA-F1B6439329DD}.Debug|Any CPU.ActiveCfg = Debug|Any CPU
		{16CF21DB-4234-4301-BCEA-F1B6439329DD}.Debug|Any CPU.Build.0 = Debug|Any CPU
		{16CF21DB-4234-4301-BCEA-F1B6439329DD}.Release|Any CPU.ActiveCfg = Release|Any CPU
		{16CF21DB-4234-4301-BCEA-F1B6439329DD}.Release|Any CPU.Build.0 = Release|Any CPU
	EndGlobalSection
	GlobalSection(SolutionProperties) = preSolution
		HideSolutionNode = FALSE
	EndGlobalSection
	GlobalSection(ExtensibilityGlobals) = postSolution
		SolutionGuid = {793C5F9F-CB43-457C-92AE-60221502759E}
	EndGlobalSection
EndGlobal
